{
  "name": "studio-code",
  "version": "1.0.0",
  "lockfileVersion": 1,
  "requires": true,
  "dependencies": {
    "alert-node": {
      "version": "1.2.3",
      "resolved": "https://registry.npmjs.org/alert-node/-/alert-node-1.2.3.tgz",
      "integrity": "sha512-LMhS6UASD2ElwZPuGXk59LgMsPZQFnfYTaav7WtD6jg3Wefttb7Au6oeU5mj+jgfGwK6LH/KiATKTGgJZBHlWA=="
    },
    "date-time": {
      "version": "3.0.0",
      "resolved": "https://registry.npmjs.org/date-time/-/date-time-3.0.0.tgz",
      "integrity": "sha512-MNuyn5mYceudu3MZ/Eji5cEvUJ1aegwUWXS861U62dcs8PpEtLr3vJcd2ZX4tgyxEn2cem/fsEa1PtHx1DR8mQ==",
      "requires": {
        "time-zone": "^1.0.0"
      }
    },
    "popups": {
      "version": "1.1.3",
      "resolved": "https://registry.npmjs.org/popups/-/popups-1.1.3.tgz",
      "integrity": "sha1-a8zpTf/ZW2GaAToFpcCUCRFRDak="
    },
    "time-zone": {
      "version": "1.0.0",
      "resolved": "https://registry.npmjs.org/time-zone/-/time-zone-1.0.0.tgz",
      "integrity": "sha1-mcW/VZWJZq9tBtg73zgA3IL67F0="
    }
  }
}
